
Microsoft Visual Studio Solution File, Format Version 12.00
Project("{FAE04EC0-301F-11D3-BF4B-00C04F79EFBC}") = "ManageApp.Client", "ManageApp.Client\ManageApp.Client.csproj", "{CA8BB6A6-D3D0-48FA-8867-17365353168A}"
EndProject
Project("{FAE04EC0-301F-11D3-BF4B-00C04F79EFBC}") = "ManageApp.Server", "ManageApp.Server\ManageApp.Server.csproj", "{63131843-6D2C-4FD7-A619-54672EA5B717}"
EndProject
Global
	GlobalSection(SolutionConfigurationPlatforms) = preSolution
		Debug|Any CPU = Debug|Any CPU
		Release|Any CPU = Release|Any CPU
	EndGlobalSection
	GlobalSection(ProjectConfigurationPlatforms) = postSolution
		{CA8BB6A6-D3D0-48FA-8867-17365353168A}.Debug|Any CPU.ActiveCfg = Debug|Any CPU
		{CA8BB6A6-D3D0-48FA-8867-17365353168A}.Debug|Any CPU.Build.0 = Debug|Any CPU
		{CA8BB6A6-D3D0-48FA-8867-17365353168A}.Release|Any CPU.ActiveCfg = Release|Any CPU
		{CA8BB6A6-D3D0-48FA-8867-17365353168A}.Release|Any CPU.Build.0 = Release|Any CPU
		{63131843-6D2C-4FD7-A619-54672EA5B717}.Debug|Any CPU.ActiveCfg = Debug|Any CPU
		{63131843-6D2C-4FD7-A619-54672EA5B717}.Debug|Any CPU.Build.0 = Debug|Any CPU
		{63131843-6D2C-4FD7-A619-54672EA5B717}.Release|Any CPU.ActiveCfg = Release|Any CPU
		{63131843-6D2C-4FD7-A619-54672EA5B717}.Release|Any CPU.Build.0 = Release|Any CPU
	EndGlobalSection
EndGlobal
